
Microsoft Visual Studio Solution File, Format Version 12.00
# Visual Studio 15
VisualStudioVersion = 15.0.28307.2092
MinimumVisualStudioVersion = 10.0.40219.1
Project("{FAE04EC0-301F-11D3-BF4B-00C04F79EFBC}") = "Tic Tac Toe Game", "Tic Tac Toe Game\Tic Tac Toe Game.csproj", "{DF81F113-4DBE-46E3-B809-5FA3FD2BCE18}"
EndProject
Global
	GlobalSection(SolutionConfigurationPlatforms) = preSolution
		Debug|Any CPU = Debug|Any CPU
		Release|Any CPU = Release|Any CPU
	EndGlobalSection
	GlobalSection(ProjectConfigurationPlatforms) = postSolution
		{DF81F113-4DBE-46E3-B809-5FA3FD2BCE18}.Debug|Any CPU.ActiveCfg = Debug|Any CPU
		{DF81F113-4DBE-46E3-B809-5FA3FD2BCE18}.Debug|Any CPU.Build.0 = Debug|Any CPU
		{DF81F113-4DBE-46E3-B809-5FA3FD2BCE18}.Release|Any CPU.ActiveCfg = Release|Any CPU
		{DF81F113-4DBE-46E3-B809-5FA3FD2BCE18}.Release|Any CPU.Build.0 = Release|Any CPU
	EndGlobalSection
	GlobalSection(SolutionProperties) = preSolution
		HideSolutionNode = FALSE
	EndGlobalSection
	GlobalSection(ExtensibilityGlobals) = postSolution
		SolutionGuid = {61567C17-66D3-4337-9AAE-F4ED4EBC2C57}
	EndGlobalSection
EndGlobal
